
Microsoft Visual Studio Solution File, Format Version 12.00
# Visual Studio Version 17
VisualStudioVersion = 17.9.34728.123
MinimumVisualStudioVersion = 10.0.40219.1
Project("{FAE04EC0-301F-11D3-BF4B-00C04F79EFBC}") = "Pizzeria_manager", "Pizzeria_manager\Pizzeria_manager.csproj", "{FDEFF905-EB58-421D-A21A-62AFF2FD43E5}"
EndProject
Global
	GlobalSection(SolutionConfigurationPlatforms) = preSolution
		Debug|Any CPU = Debug|Any CPU
		Release|Any CPU = Release|Any CPU
	EndGlobalSection
	GlobalSection(ProjectConfigurationPlatforms) = postSolution
		{FDEFF905-EB58-421D-A21A-62AFF2FD43E5}.Debug|Any CPU.ActiveCfg = Debug|Any CPU
		{FDEFF905-EB58-421D-A21A-62AFF2FD43E5}.Debug|Any CPU.Build.0 = Debug|Any CPU
		{FDEFF905-EB58-421D-A21A-62AFF2FD43E5}.Release|Any CPU.ActiveCfg = Release|Any CPU
		{FDEFF905-EB58-421D-A21A-62AFF2FD43E5}.Release|Any CPU.Build.0 = Release|Any CPU
	EndGlobalSection
	GlobalSection(SolutionProperties) = preSolution
		HideSolutionNode = FALSE
	EndGlobalSection
	GlobalSection(ExtensibilityGlobals) = postSolution
		SolutionGuid = {7F308508-799C-4E18-B919-D66102103482}
	EndGlobalSection
EndGlobal
